
Microsoft Visual Studio Solution File, Format Version 12.00
# Visual Studio 14
VisualStudioVersion = 14.0.25420.1
MinimumVisualStudioVersion = 10.0.40219.1
Project("{2150E333-8FDC-42A3-9474-1A3956D46DE8}") = "src", "src", "{ACA647DC-29D1-4FC6-904B-B86150FD59F6}"
EndProject
Project("{2150E333-8FDC-42A3-9474-1A3956D46DE8}") = "Solution Items", "Solution Items", "{3CDC9FB6-2164-49DC-8E39-B2958C639965}"
	ProjectSection(SolutionItems) = preProject
		global.json = global.json
	EndProjectSection
EndProject
Project("{8BB2217D-0F2D-49D1-97BC-3654ED321F3B}") = "AstralTest", "src\AstralTest\AstralTest.xproj", "{5A0FB288-9739-412F-BC92-9CECA6A33DA2}"
EndProject
Project("{8BB2217D-0F2D-49D1-97BC-3654ED321F3B}") = "AstralTest.Domain", "src\AstralTest.Domain\AstralTest.Domain.xproj", "{29322B51-9E1B-4E93-B808-28DE974DB8B0}"
EndProject
Project("{8BB2217D-0F2D-49D1-97BC-3654ED321F3B}") = "AstralTest.Database", "src\AstralTest.Database\AstralTest.Database.xproj", "{9CB28280-3044-4A1E-B303-C657D33BE0D2}"
EndProject
Project("{8BB2217D-0F2D-49D1-97BC-3654ED321F3B}") = "AstralTest.Domain.Entities", "src\AstralTest.Domain.Entities\AstralTest.Domain.Entities.xproj", "{6EA96F4A-FF30-4823-BE7B-1F97D66C473C}"
EndProject
Project("{8BB2217D-0F2D-49D1-97BC-3654ED321F3B}") = "AstralTest.Identity", "src\AstralTest.Identity\AstralTest.Identity.xproj", "{F3712F0D-D140-4E60-9D62-4A6EA33C8E0E}"
EndProject
Global
	GlobalSection(SolutionConfigurationPlatforms) = preSolution
		Debug|Any CPU = Debug|Any CPU
		Release|Any CPU = Release|Any CPU
	EndGlobalSection
	GlobalSection(ProjectConfigurationPlatforms) = postSolution
		{5A0FB288-9739-412F-BC92-9CECA6A33DA2}.Debug|Any CPU.ActiveCfg = Debug|Any CPU
		{5A0FB288-9739-412F-BC92-9CECA6A33DA2}.Debug|Any CPU.Build.0 = Debug|Any CPU
		{5A0FB288-9739-412F-BC92-9CECA6A33DA2}.Release|Any CPU.ActiveCfg = Release|Any CPU
		{5A0FB288-9739-412F-BC92-9CECA6A33DA2}.Release|Any CPU.Build.0 = Release|Any CPU
		{29322B51-9E1B-4E93-B808-28DE974DB8B0}.Debug|Any CPU.ActiveCfg = Debug|Any CPU
		{29322B51-9E1B-4E93-B808-28DE974DB8B0}.Debug|Any CPU.Build.0 = Debug|Any CPU
		{29322B51-9E1B-4E93-B808-28DE974DB8B0}.Release|Any CPU.ActiveCfg = Release|Any CPU
		{29322B51-9E1B-4E93-B808-28DE974DB8B0}.Release|Any CPU.Build.0 = Release|Any CPU
		{9CB28280-3044-4A1E-B303-C657D33BE0D2}.Debug|Any CPU.ActiveCfg = Debug|Any CPU
		{9CB28280-3044-4A1E-B303-C657D33BE0D2}.Debug|Any CPU.Build.0 = Debug|Any CPU
		{9CB28280-3044-4A1E-B303-C657D33BE0D2}.Release|Any CPU.ActiveCfg = Release|Any CPU
		{9CB28280-3044-4A1E-B303-C657D33BE0D2}.Release|Any CPU.Build.0 = Release|Any CPU
		{6EA96F4A-FF30-4823-BE7B-1F97D66C473C}.Debug|Any CPU.ActiveCfg = Debug|Any CPU
		{6EA96F4A-FF30-4823-BE7B-1F97D66C473C}.Debug|Any CPU.Build.0 = Debug|Any CPU
		{6EA96F4A-FF30-4823-BE7B-1F97D66C473C}.Release|Any CPU.ActiveCfg = Release|Any CPU
		{6EA96F4A-FF30-4823-BE7B-1F97D66C473C}.Release|Any CPU.Build.0 = Release|Any CPU
		{F3712F0D-D140-4E60-9D62-4A6EA33C8E0E}.Debug|Any CPU.ActiveCfg = Debug|Any CPU
		{F3712F0D-D140-4E60-9D62-4A6EA33C8E0E}.Debug|Any CPU.Build.0 = Debug|Any CPU
		{F3712F0D-D140-4E60-9D62-4A6EA33C8E0E}.Release|Any CPU.ActiveCfg = Release|Any CPU
		{F3712F0D-D140-4E60-9D62-4A6EA33C8E0E}.Release|Any CPU.Build.0 = Release|Any CPU
	EndGlobalSection
	GlobalSection(SolutionProperties) = preSolution
		HideSolutionNode = FALSE
	EndGlobalSection
	GlobalSection(NestedProjects) = preSolution
		{5A0FB288-9739-412F-BC92-9CECA6A33DA2} = {ACA647DC-29D1-4FC6-904B-B86150FD59F6}
		{29322B51-9E1B-4E93-B808-28DE974DB8B0} = {ACA647DC-29D1-4FC6-904B-B86150FD59F6}
		{9CB28280-3044-4A1E-B303-C657D33BE0D2} = {ACA647DC-29D1-4FC6-904B-B86150FD59F6}
		{6EA96F4A-FF30-4823-BE7B-1F97D66C473C} = {ACA647DC-29D1-4FC6-904B-B86150FD59F6}
		{F3712F0D-D140-4E60-9D62-4A6EA33C8E0E} = {ACA647DC-29D1-4FC6-904B-B86150FD59F6}
	EndGlobalSection
EndGlobal
